
Microsoft Visual Studio Solution File, Format Version 12.00
# Visual Studio Version 17
VisualStudioVersion = 17.0.32126.317
MinimumVisualStudioVersion = 10.0.40219.1
Project("{9A19103F-16F7-4668-BE54-9A1E7A4F7556}") = "LearnXAFAddEksternalChart.Module", "LearnXAFAddEksternalChart.Module\LearnXAFAddEksternalChart.Module.csproj", "{623B971C-F211-4BD9-8AB0-AA4B47CD92EB}"
EndProject
Project("{9A19103F-16F7-4668-BE54-9A1E7A4F7556}") = "LearnXAFAddEksternalChart.Module.Blazor", "LearnXAFAddEksternalChart.Module.Blazor\LearnXAFAddEksternalChart.Module.Blazor.csproj", "{0390DC20-B7B2-4690-9D37-3E3DFF8DC4A9}"
EndProject
Project("{9A19103F-16F7-4668-BE54-9A1E7A4F7556}") = "LearnXAFAddEksternalChart.Blazor.Server", "LearnXAFAddEksternalChart.Blazor.Server\LearnXAFAddEksternalChart.Blazor.Server.csproj", "{06260297-AA7D-4E34-80C9-BC925AF6426E}"
EndProject
Global
	GlobalSection(SolutionConfigurationPlatforms) = preSolution
		Debug|Any CPU = Debug|Any CPU
		EasyTest|Any CPU = EasyTest|Any CPU
		Release|Any CPU = Release|Any CPU
	EndGlobalSection
	GlobalSection(ProjectConfigurationPlatforms) = postSolution
		{623B971C-F211-4BD9-8AB0-AA4B47CD92EB}.Debug|Any CPU.ActiveCfg = Debug|Any CPU
		{623B971C-F211-4BD9-8AB0-AA4B47CD92EB}.Debug|Any CPU.Build.0 = Debug|Any CPU
		{623B971C-F211-4BD9-8AB0-AA4B47CD92EB}.EasyTest|Any CPU.ActiveCfg = EasyTest|Any CPU
		{623B971C-F211-4BD9-8AB0-AA4B47CD92EB}.EasyTest|Any CPU.Build.0 = EasyTest|Any CPU
		{623B971C-F211-4BD9-8AB0-AA4B47CD92EB}.Release|Any CPU.ActiveCfg = Release|Any CPU
		{623B971C-F211-4BD9-8AB0-AA4B47CD92EB}.Release|Any CPU.Build.0 = Release|Any CPU
		{0390DC20-B7B2-4690-9D37-3E3DFF8DC4A9}.Debug|Any CPU.ActiveCfg = Debug|Any CPU
		{0390DC20-B7B2-4690-9D37-3E3DFF8DC4A9}.Debug|Any CPU.Build.0 = Debug|Any CPU
		{0390DC20-B7B2-4690-9D37-3E3DFF8DC4A9}.EasyTest|Any CPU.ActiveCfg = EasyTest|Any CPU
		{0390DC20-B7B2-4690-9D37-3E3DFF8DC4A9}.EasyTest|Any CPU.Build.0 = EasyTest|Any CPU
		{0390DC20-B7B2-4690-9D37-3E3DFF8DC4A9}.Release|Any CPU.ActiveCfg = Release|Any CPU
		{0390DC20-B7B2-4690-9D37-3E3DFF8DC4A9}.Release|Any CPU.Build.0 = Release|Any CPU
		{06260297-AA7D-4E34-80C9-BC925AF6426E}.Debug|Any CPU.ActiveCfg = Debug|Any CPU
		{06260297-AA7D-4E34-80C9-BC925AF6426E}.Debug|Any CPU.Build.0 = Debug|Any CPU
		{06260297-AA7D-4E34-80C9-BC925AF6426E}.EasyTest|Any CPU.ActiveCfg = EasyTest|Any CPU
		{06260297-AA7D-4E34-80C9-BC925AF6426E}.EasyTest|Any CPU.Build.0 = EasyTest|Any CPU
		{06260297-AA7D-4E34-80C9-BC925AF6426E}.Release|Any CPU.ActiveCfg = Release|Any CPU
		{06260297-AA7D-4E34-80C9-BC925AF6426E}.Release|Any CPU.Build.0 = Release|Any CPU
	EndGlobalSection
	GlobalSection(SolutionProperties) = preSolution
		HideSolutionNode = FALSE
	EndGlobalSection
	GlobalSection(ExtensibilityGlobals) = postSolution
		SolutionGuid = {8D3DC40F-4713-4FE2-A03F-C94DCB6AC47E}
	EndGlobalSection
EndGlobal
